
Microsoft Visual Studio Solution File, Format Version 12.00
# Visual Studio 14
VisualStudioVersion = 14.0.25123.0
MinimumVisualStudioVersion = 10.0.40219.1
Project("{FAE04EC0-301F-11D3-BF4B-00C04F79EFBC}") = "05. Стоп", "05. Стоп\05. Стоп.csproj", "{EFA897BE-DF8E-42C3-AA8D-AE0066AFBE7E}"
EndProject
Global
	GlobalSection(SolutionConfigurationPlatforms) = preSolution
		Debug|Any CPU = Debug|Any CPU
		Release|Any CPU = Release|Any CPU
	EndGlobalSection
	GlobalSection(ProjectConfigurationPlatforms) = postSolution
		{EFA897BE-DF8E-42C3-AA8D-AE0066AFBE7E}.Debug|Any CPU.ActiveCfg = Debug|Any CPU
		{EFA897BE-DF8E-42C3-AA8D-AE0066AFBE7E}.Debug|Any CPU.Build.0 = Debug|Any CPU
		{EFA897BE-DF8E-42C3-AA8D-AE0066AFBE7E}.Release|Any CPU.ActiveCfg = Release|Any CPU
		{EFA897BE-DF8E-42C3-AA8D-AE0066AFBE7E}.Release|Any CPU.Build.0 = Release|Any CPU
	EndGlobalSection
	GlobalSection(SolutionProperties) = preSolution
		HideSolutionNode = FALSE
	EndGlobalSection
EndGlobal
